
Microsoft Visual Studio Solution File, Format Version 12.00
# Visual Studio Version 16
VisualStudioVersion = 16.0.32929.386
MinimumVisualStudioVersion = 10.0.40219.1
Project("{FAE04EC0-301F-11D3-BF4B-00C04F79EFBC}") = "LightNovelProject", "LightNovelProject\LightNovelProject.csproj", "{E1623169-CB31-415E-B30B-86DF279E2949}"
EndProject
Global
	GlobalSection(SolutionConfigurationPlatforms) = preSolution
		Debug|Any CPU = Debug|Any CPU
		Release|Any CPU = Release|Any CPU
	EndGlobalSection
	GlobalSection(ProjectConfigurationPlatforms) = postSolution
		{E1623169-CB31-415E-B30B-86DF279E2949}.Debug|Any CPU.ActiveCfg = Debug|Any CPU
		{E1623169-CB31-415E-B30B-86DF279E2949}.Debug|Any CPU.Build.0 = Debug|Any CPU
		{E1623169-CB31-415E-B30B-86DF279E2949}.Release|Any CPU.ActiveCfg = Release|Any CPU
		{E1623169-CB31-415E-B30B-86DF279E2949}.Release|Any CPU.Build.0 = Release|Any CPU
	EndGlobalSection
	GlobalSection(SolutionProperties) = preSolution
		HideSolutionNode = FALSE
	EndGlobalSection
	GlobalSection(ExtensibilityGlobals) = postSolution
		SolutionGuid = {BCD6495F-657E-436D-BC0D-63ADDA79C323}
	EndGlobalSection
EndGlobal
